# THIS IS AN AUTOGENERATED FILE. DO NOT EDIT THIS FILE DIRECTLY.
# yarn lockfile v1


adhere@1.x:
  version "1.2.3"
  resolved "https://registry.yarnpkg.com/adhere/-/adhere-1.2.3.tgz#3719ac497758735c817381a756720be7ba0360a2"
  integrity sha512-1ItBtLjSW2yNZ6gSaHeir5X3Om77u9H2iQuGoPMMHZMGpzTARRFMqPqr5Lz4LVMFWOBZO6U4P9GG7A8+j7n1pw==

cadence@1.x:
  version "1.0.12"
  resolved "https://registry.yarnpkg.com/cadence/-/cadence-1.0.12.tgz#6e3bf71404c9f654f8ca31b1474f6fdfab63477a"
  integrity sha512-9YJbhySTUaMBKz3IVcXbpw70K7swnBlD/LFY59zfwZ5U5sHXvZQUCCHSPdENdCKQ4XmN+GpFJrGF/yBZ73jMMw==

eject@^0.0.4:
  version "0.0.4"
  resolved "https://registry.yarnpkg.com/eject/-/eject-0.0.4.tgz#bad7c33522e63fe963ccb713d0cb0ee7a975d8fb"
  integrity sha1-utfDNSLmP+ljzLcT0MsO56l12Ps=
  dependencies:
    adhere "1.x"
    cadence "1.x"
    interrupt "1.x"

interrupt@1.x:
  version "1.2.0"
  resolved "https://registry.yarnpkg.com/interrupt/-/interrupt-1.2.0.tgz#8f8e0d0cfba190e74682e82d8f0439205a670209"
  integrity sha1-j44NDPuhkOdGgugtjwQ5IFpnAgk=
  dependencies:
    supersede "1.x"

supersede@1.x:
  version "1.0.6"
  resolved "https://registry.yarnpkg.com/supersede/-/supersede-1.0.6.tgz#27ce9eaaf0b81e9ea31d7471c7aa4cb153f50065"
  integrity sha512-68MKSJ+nGtjpQS7ckOvFiCydPY+2sz6iXmC3+/BkCqnaA/UtGOkcY2H5WOKZF9Xo5GUU+LK9ZfSzXVOre9H0rQ==
